# This file is autogenerated, do not edit; changes may be undone by the next 'dep ensure'.


[[projects]]
  branch = "default"
  digest = "1:37219109db7dc9e82b57b7d335656f010b892f2cc53ae2082b0646da44b93cc5"
  name = "bitbucket.org/pkg/inflect"
  packages = ["."]
  pruneopts = "T"
  revision = "8961c3750a47b8c0b3e118d52513b97adf85a7e8"

[[projects]]
  digest = "1:9f3bc9b251182aa0a26ac45e39a226c0f91e8f59dd91d8cab7d56b301684ee6a"
  name = "cloud.google.com/go"
  packages = ["compute/metadata"]
  pruneopts = "T"
  revision = "c9474f2f8deb81759839474b6bd1726bbfe1c1c4"
  version = "v0.36.0"

[[projects]]
  digest = "1:2aff5edb9bccd2974090fddb17ca7ab05a3f5c983db567c30c7f0b53404f5783"
  name = "github.com/ajg/form"
  packages = ["."]
  pruneopts = "T"
  revision = "cc2954064ec9ea8d93917f0f87456e11d7b881ad"
  version = "v1.5"

[[projects]]
  branch = "master"
  digest = "1:e6db1ea2b722b4995be83bf63924db1f702cef84eeb38a430a03ef3ae8f5439e"
  name = "github.com/armon/go-metrics"
  packages = ["."]
  pruneopts = "T"
  revision = "3c58d8115a78a6879e5df75ae900846768d36895"

[[projects]]
  digest = "1:6d027438b6c3ca751802d0024174d079d3fb7b0811a4e86212d2edc134c60a05"
  name = "github.com/coreos/go-oidc"
  packages = ["."]
  pruneopts = "T"
  revision = "1180514eaf4d9f38d0d19eef639a1d695e066e72"
  version = "v2.0.0"

[[projects]]
  digest = "1:6b014c67cb522566c30ef02116f9acb50cd60954708cf92c6654e2985696db18"
  name = "github.com/dgrijalva/jwt-go"
  packages = ["."]
  pruneopts = "T"
  revision = "06ea1031745cb8b3dab3f6a236daf2b0aa468b7e"
  version = "v3.2.0"

[[projects]]
  branch = "master"
  digest = "1:376e5a9fdb57657725ff19b4c510c3f5e1f804ab4ab0ff3064d8f4dc01e40fe2"
  name = "github.com/dimfeld/httppath"
  packages = ["."]
  pruneopts = "T"
  revision = "ee938bf735983d53694d79138ad9820efff94c92"

[[projects]]
  digest = "1:8d983343581370768675191a8695f52d663f50a9234c571128f3d146314892cf"
  name = "github.com/dimfeld/httptreemux"
  packages = ["."]
  pruneopts = "T"
  revision = "7f532489e7739b3d49df5c602bf63549881fe753"
  version = "v5.0.1"

[[projects]]
  digest = "1:711dab8ae2260f862e744f71b786b98aacd5f1d292ebf3be153e616a969136eb"
  name = "github.com/goadesign/goa"
  packages = [
    ".",
    "client",
    "cors",
    "design",
    "design/apidsl",
    "dslengine",
    "encoding/form",
    "goagen/codegen",
    "goagen/utils",
    "goatest",
    "middleware",
    "middleware/security/jwt",
    "uuid",
    "version",
  ]
  pruneopts = "T"
  revision = "d96a9e2548f5803f6bbb0a5ffb0bee24863cd19b"
  version = "v1.4.1"

[[projects]]
  branch = "master"
  digest = "1:f330410f832cfdb001805dd4838ecd5c803374b62c8a85914f3234fe593a03f2"
  name = "github.com/gofrs/uuid"
  packages = ["."]
  pruneopts = "T"
  revision = "6b08a5c5172ba18946672b49749cde22873dd7c2"

[[projects]]
  digest = "1:a2ecb56e5053d942aafc86738915fb94c9131bac848c543b8b6764365fd69080"
  name = "github.com/golang/protobuf"
  packages = ["proto"]
  pruneopts = "T"
  revision = "aa810b61a9c79d51363740d207bb46cf8e620ed5"
  version = "v1.2.0"

[[projects]]
  digest = "1:2be5a35f0c5b35162c41bb24971e5dcf6ce825403296ee435429cdcc4e1e847e"
  name = "github.com/hashicorp/go-immutable-radix"
  packages = ["."]
  pruneopts = "T"
  revision = "27df80928bb34bb1b0d6d0e01b9e679902e7a6b5"
  version = "v1.0.0"

[[projects]]
  digest = "1:8ec8d88c248041a6df5f6574b87bc00e7e0b493881dad2e7ef47b11dc69093b5"
  name = "github.com/hashicorp/golang-lru"
  packages = ["simplelru"]
  pruneopts = "T"
  revision = "20f1fb78b0740ba8c3cb143a61e86ba5c8669768"
  version = "v0.5.0"

[[projects]]
  digest = "1:56889f4ced0f576272d91c67a63d90f32ae169aa069d75d3f55a40701a965593"
  name = "github.com/jinzhu/gorm"
  packages = ["."]
  pruneopts = "T"
  revision = "472c70caa40267cb89fd8facb07fe6454b578626"
  version = "v1.9.2"

[[projects]]
  branch = "master"
  digest = "1:fd97437fbb6b7dce04132cf06775bd258cce305c44add58eb55ca86c6c325160"
  name = "github.com/jinzhu/inflection"
  packages = ["."]
  pruneopts = "T"
  revision = "04140366298a54a039076d798123ffa108fff46c"

[[projects]]
  digest = "1:596517ffade0ace2491d4fe696b360720296d6f6282ae0f54b980a859d153844"
  name = "github.com/joho/godotenv"
  packages = ["."]
  pruneopts = "T"
  revision = "a79fa1e548e2c689c241d10173efd51e5d689d5b"
  version = "v1.2.0"

[[projects]]
  digest = "1:ca955a9cd5b50b0f43d2cc3aeb35c951473eeca41b34eb67507f1dbcc0542394"
  name = "github.com/kr/pretty"
  packages = ["."]
  pruneopts = "T"
  revision = "73f6ac0b30a98e433b289500d779f50c1a6f0712"
  version = "v0.1.0"

[[projects]]
  digest = "1:d3cea7f1e6ac37e9598c31505121b26aaaccf4fffc58d19c701d3d3725d6553d"
  name = "github.com/kr/text"
  packages = ["."]
  pruneopts = "T"
  revision = "e2ffdb16a802fe2bb95e2e35ff34f0e53aeef34f"
  version = "v0.1.0"

[[projects]]
  branch = "master"
  digest = "1:262702123b03c589f7d63ef21a8720d9dc81e316f42dcff45ef9440b83e4a8e2"
  name = "github.com/lib/pq"
  packages = [
    ".",
    "oid",
  ]
  pruneopts = "T"
  revision = "9eb73efc1fcc404148b56765b0d3f61d9a5ef8ee"

[[projects]]
  branch = "master"
  digest = "1:e58563f3671c8e08dd4aa2d26a7327a8d59060c281ec1923669f3ddde051c679"
  name = "github.com/manveru/faker"
  packages = ["."]
  pruneopts = "T"
  revision = "9fbc68a78c4dbc7914e1a23f88f126bea4383b97"

[[projects]]
  digest = "1:40e195917a951a8bf867cd05de2a46aaf1806c50cf92eebf4c16f78cd196f747"
  name = "github.com/pkg/errors"
  packages = ["."]
  pruneopts = "T"
  revision = "645ef00459ed84a119197bfb8d8205042c6df63d"
  version = "v0.8.0"

[[projects]]
  branch = "master"
  digest = "1:a07bf85ed02c23e01eef834c30d9612d45ccab2507fcfd7340e2305376c94de4"
  name = "github.com/pquerna/cachecontrol"
  packages = [
    ".",
    "cacheobject",
  ]
  pruneopts = "T"
  revision = "1555304b9b35fdd2b425bccf1a5613677705e7d0"

[[projects]]
  branch = "master"
  digest = "1:ff6b0586c0621a76832cf783eee58cbb9d9795d2ce8acbc199a4131db11c42a9"
  name = "github.com/satori/go.uuid"
  packages = ["."]
  pruneopts = "T"
  revision = "36e9d2ebbde5e3f13ab2e25625fd453271d6522e"

[[projects]]
  digest = "1:1b8282c02f3cbf27de019d739246eaf8231f5dbcaaf9d0d7c7524184ee7b2d24"
  name = "github.com/vrischmann/envconfig"
  packages = ["."]
  pruneopts = "T"
  revision = "7a443243d539c9595dd8aa7f03a6f68707b80e66"
  version = "v1.1.0"

[[projects]]
  branch = "master"
  digest = "1:6f7f5a5452e6dc8b0665b0fd2b779c3c6b7e70a121e0661aeb03daef7baae58d"
  name = "github.com/zach-klippenstein/goregen"
  packages = ["."]
  pruneopts = "T"
  revision = "795b5e3961ea1912fde60af417ad85e86acc0d6a"

[[projects]]
  branch = "master"
  digest = "1:490cbeb7a0a743de4cc0058a6d13ef6772c4d1e3d4d36a8f0428d3c5114012ff"
  name = "golang.org/x/crypto"
  packages = [
    "bcrypt",
    "blowfish",
    "ed25519",
    "ed25519/internal/edwards25519",
    "pbkdf2",
  ]
  pruneopts = "T"
  revision = "0709b304e793a5edb4a2c0145f281ecdc20838a4"

[[projects]]
  branch = "master"
  digest = "1:c96475ce8a4befca406926432f1a9dea8d17c1573fe99c3086055d28e0910bec"
  name = "golang.org/x/net"
  packages = [
    "context",
    "context/ctxhttp",
    "websocket",
  ]
  pruneopts = "T"
  revision = "8a410e7b638dca158bf9e766925842f6651ff828"

[[projects]]
  branch = "master"
  digest = "1:1a93f2432e49f9bce7aa6d545d27df41c1fac437a6a7ff6c88efe9c48f6e763b"
  name = "golang.org/x/oauth2"
  packages = [
    ".",
    "facebook",
    "google",
    "internal",
    "jws",
    "jwt",
  ]
  pruneopts = "T"
  revision = "9b3c75971fc92dd27c6436a37c05c831498658f1"

[[projects]]
  branch = "master"
  digest = "1:dbc233c3e91caaf82db96f3bc5fcd5aa783f7b645022fd4ffc471e36f06df946"
  name = "golang.org/x/tools"
  packages = ["go/ast/astutil"]
  pruneopts = "T"
  revision = "0aa4b8830f481fed77b73cf7cea2bc3129e05148"

[[projects]]
  digest = "1:1469235a5a8e192cfe6a99c4804b883a02f0ff96a693cd1660515a3a3b94d5ac"
  name = "google.golang.org/appengine"
  packages = [
    ".",
    "internal",
    "internal/app_identity",
    "internal/base",
    "internal/datastore",
    "internal/log",
    "internal/modules",
    "internal/remote_api",
    "internal/urlfetch",
    "urlfetch",
  ]
  pruneopts = "T"
  revision = "e9657d882bb81064595ca3b56cbe2546bbabf7b1"
  version = "v1.4.0"

[[projects]]
  digest = "1:0e107c42e4704bfa61957571b86f96c7611b0e747d36369ab675d9f6cfc5e40e"
  name = "gopkg.in/square/go-jose.v2"
  packages = [
    ".",
    "cipher",
    "json",
    "jwt",
  ]
  pruneopts = "T"
  revision = "e94fb177d3668d35ab39c61cbb2f311550557e83"
  version = "v2.2.2"

[[projects]]
  branch = "itsme-oauth"
  digest = "1:c6376bbfae5240a2e08d3bb304567226abf980073df4119dfbe5fae2a2f368c0"
  name = "github.com/mijn-app/mijn-app-backend/utils"
  packages = [
    "database",
    "goalogadapter",
    "jwt",
    "log",
    "oauth",
    "sendinblue",
    "sendinblue/apiv2",
  ]
  pruneopts = "T"
  revision = "43305d973af1c929ae49b451121930b3142508bd"

[solve-meta]
  analyzer-name = "dep"
  analyzer-version = 1
  input-imports = [
    "github.com/dgrijalva/jwt-go",
    "github.com/goadesign/goa",
    "github.com/goadesign/goa/cors",
    "github.com/goadesign/goa/design",
    "github.com/goadesign/goa/design/apidsl",
    "github.com/goadesign/goa/encoding/form",
    "github.com/goadesign/goa/goatest",
    "github.com/goadesign/goa/middleware",
    "github.com/goadesign/goa/middleware/security/jwt",
    "github.com/gofrs/uuid",
    "github.com/jinzhu/gorm",
    "github.com/joho/godotenv",
    "github.com/vrischmann/envconfig",
    "golang.org/x/crypto/bcrypt",
    "golang.org/x/oauth2",
    "github.com/mijn-app/mijn-app-backend/utils/database",
    "github.com/mijn-app/mijn-app-backend/utils/goalogadapter",
    "github.com/mijn-app/mijn-app-backend/utils/jwt",
    "github.com/mijn-app/mijn-app-backend/utils/log",
    "github.com/mijn-app/mijn-app-backend/utils/oauth",
    "github.com/mijn-app/mijn-app-backend/utils/sendinblue",
  ]
  solver-name = "gps-cdcl"
  solver-version = 1
